
Microsoft Visual Studio Solution File, Format Version 12.00
# Visual Studio Version 17
VisualStudioVersion = 17.13.35913.81 d17.13
MinimumVisualStudioVersion = 10.0.40219.1
Project("{FAE04EC0-301F-11D3-BF4B-00C04F79EFBC}") = "routes-service", "routes-service\routes-service.csproj", "{E9BD5BFC-ABBC-4FC6-9A01-AD8D57B22F8C}"
EndProject
Global
        GlobalSection(SolutionConfigurationPlatforms) = preSolution
                Debug|Any CPU = Debug|Any CPU
                Release|Any CPU = Release|Any CPU
        EndGlobalSection
        GlobalSection(ProjectConfigurationPlatforms) = postSolution
                {E9BD5BFC-ABBC-4FC6-9A01-AD8D57B22F8C}.Debug|Any CPU.ActiveCfg = Debug|Any CPU
                {E9BD5BFC-ABBC-4FC6-9A01-AD8D57B22F8C}.Debug|Any CPU.Build.0 = Debug|Any CPU
                {E9BD5BFC-ABBC-4FC6-9A01-AD8D57B22F8C}.Release|Any CPU.ActiveCfg = Release|Any CPU
                {E9BD5BFC-ABBC-4FC6-9A01-AD8D57B22F8C}.Release|Any CPU.Build.0 = Release|Any CPU
        EndGlobalSection
        GlobalSection(SolutionProperties) = preSolution
                HideSolutionNode = FALSE
        EndGlobalSection
        GlobalSection(ExtensibilityGlobals) = postSolution
                SolutionGuid = {CB0645DB-5BA7-4C38-A03A-293CD7604AF7}
        EndGlobalSection
EndGlobal
